// !$*UTF8*$!
{
	archiveVersion = 1;
	classes = {
	};
	objectVersion = 77;
	objects = {

/* Begin PBXBuildFile section */
		0041FC6D2E2AA269007F383F /* MarkdownUI in Frameworks */ = {isa = PBXBuildFile; productRef = 0041FC6C2E2AA269007F383F /* MarkdownUI */; };
		00CD22612E6757E6008AB82B /* Toasts in Frameworks */ = {isa = PBXBuildFile; productRef = 00CD22602E6757E6008AB82B /* Toasts */; };
		00E573592F1F4E3A00440D8D /* CSUSTKit in Frameworks */ = {isa = PBXBuildFile; productRef = 00E573582F1F4E3A00440D8D /* CSUSTKit */; };
		00E5735B2F1F4E4C00440D8D /* CSUSTKit in Frameworks */ = {isa = PBXBuildFile; productRef = 00E5735A2F1F4E4C00440D8D /* CSUSTKit */; };
		00E574AB2F1F4F0400440D8D /* MatomoTracker in Frameworks */ = {isa = PBXBuildFile; productRef = 00E574AA2F1F4F0400440D8D /* MatomoTracker */; };
		00E575FB2F1F4F6B00440D8D /* Kingfisher in Frameworks */ = {isa = PBXBuildFile; productRef = 00E575FA2F1F4F6B00440D8D /* Kingfisher */; };
		00E579E52F1F512500440D8D /* AlertToast in Frameworks */ = {isa = PBXBuildFile; productRef = 00E579E42F1F512500440D8D /* AlertToast */; };
		00E89C632E2C88D800B43162 /* WidgetKit.framework in Frameworks */ = {isa = PBXBuildFile; fileRef = 00E89C622E2C88D800B43162 /* WidgetKit.framework */; };
		00E89C652E2C88D800B43162 /* SwiftUI.framework in Frameworks */ = {isa = PBXBuildFile; fileRef = 00E89C642E2C88D800B43162 /* SwiftUI.framework */; };
		00E89C722E2C88D800B43162 /* CSUSTPlanetWidgetExtension.appex in Embed Foundation Extensions */ = {isa = PBXBuildFile; fileRef = 00E89C602E2C88D800B43162 /* CSUSTPlanetWidgetExtension.appex */; settings = {ATTRIBUTES = (RemoveHeadersOnCopy, ); }; };
		7535F8BA5C72E438E1EBE96E /* Pods_CSUSTPlanet.framework in Frameworks */ = {isa = PBXBuildFile; fileRef = 9C8368F37ED309CE6DD40690 /* Pods_CSUSTPlanet.framework */; };
		B6B82A72E7941E563A35B1B6 /* Pods_CSUSTPlanetWidgetExtension.framework in Frameworks */ = {isa = PBXBuildFile; fileRef = EF6AA6E487E52C6551BEEA1B /* Pods_CSUSTPlanetWidgetExtension.framework */; };
/* End PBXBuildFile section */

/* Begin PBXContainerItemProxy section */
		00E89C702E2C88D800B43162 /* PBXContainerItemProxy */ = {
			isa = PBXContainerItemProxy;
			containerPortal = 007CF8532E1BD68800E319F2 /* Project object */;
			proxyType = 1;
			remoteGlobalIDString = 00E89C5F2E2C88D800B43162;
			remoteInfo = CSUSTPlanetWidgetExtension;
		};
/* End PBXContainerItemProxy section */

/* Begin PBXCopyFilesBuildPhase section */
		00E89C732E2C88D800B43162 /* Embed Foundation Extensions */ = {
			isa = PBXCopyFilesBuildPhase;
			buildActionMask = 2147483647;
			dstPath = "";
			dstSubfolderSpec = 13;
			files = (
				00E89C722E2C88D800B43162 /* CSUSTPlanetWidgetExtension.appex in Embed Foundation Extensions */,
			);
			name = "Embed Foundation Extensions";
			runOnlyForDeploymentPostprocessing = 0;
		};
/* End PBXCopyFilesBuildPhase section */

/* Begin PBXFileReference section */
		007CF85B2E1BD68900E319F2 /* CSUSTPlanet.app */ = {isa = PBXFileReference; explicitFileType = wrapper.application; includeInIndex = 0; path = CSUSTPlanet.app; sourceTree = BUILT_PRODUCTS_DIR; };
		00E89C602E2C88D800B43162 /* CSUSTPlanetWidgetExtension.appex */ = {isa = PBXFileReference; explicitFileType = "wrapper.app-extension"; includeInIndex = 0; path = CSUSTPlanetWidgetExtension.appex; sourceTree = BUILT_PRODUCTS_DIR; };
		00E89C622E2C88D800B43162 /* WidgetKit.framework */ = {isa = PBXFileReference; lastKnownFileType = wrapper.framework; name = WidgetKit.framework; path = System/Library/Frameworks/WidgetKit.framework; sourceTree = SDKROOT; };
		00E89C642E2C88D800B43162 /* SwiftUI.framework */ = {isa = PBXFileReference; lastKnownFileType = wrapper.framework; name = SwiftUI.framework; path = System/Library/Frameworks/SwiftUI.framework; sourceTree = SDKROOT; };
		4B82E39D79D391617D6C338D /* Pods-CSUSTPlanet.release.xcconfig */ = {isa = PBXFileReference; includeInIndex = 1; lastKnownFileType = text.xcconfig; name = "Pods-CSUSTPlanet.release.xcconfig"; path = "Target Support Files/Pods-CSUSTPlanet/Pods-CSUSTPlanet.release.xcconfig"; sourceTree = "<group>"; };
		5C9B586999AFD253301703B3 /* Pods-CSUSTPlanet.debug.xcconfig */ = {isa = PBXFileReference; includeInIndex = 1; lastKnownFileType = text.xcconfig; name = "Pods-CSUSTPlanet.debug.xcconfig"; path = "Target Support Files/Pods-CSUSTPlanet/Pods-CSUSTPlanet.debug.xcconfig"; sourceTree = "<group>"; };
		93D26731C5F4E3650C2A7AE8 /* Pods-CSUSTPlanetWidgetExtension.release.xcconfig */ = {isa = PBXFileReference; includeInIndex = 1; lastKnownFileType = text.xcconfig; name = "Pods-CSUSTPlanetWidgetExtension.release.xcconfig"; path = "Target Support Files/Pods-CSUSTPlanetWidgetExtension/Pods-CSUSTPlanetWidgetExtension.release.xcconfig"; sourceTree = "<group>"; };
		9C8368F37ED309CE6DD40690 /* Pods_CSUSTPlanet.framework */ = {isa = PBXFileReference; explicitFileType = wrapper.framework; includeInIndex = 0; path = Pods_CSUSTPlanet.framework; sourceTree = BUILT_PRODUCTS_DIR; };
		BD0351A8972E0E1212F97A22 /* Pods-CSUSTPlanetWidgetExtension.debug.xcconfig */ = {isa = PBXFileReference; includeInIndex = 1; lastKnownFileType = text.xcconfig; name = "Pods-CSUSTPlanetWidgetExtension.debug.xcconfig"; path = "Target Support Files/Pods-CSUSTPlanetWidgetExtension/Pods-CSUSTPlanetWidgetExtension.debug.xcconfig"; sourceTree = "<group>"; };
		EF6AA6E487E52C6551BEEA1B /* Pods_CSUSTPlanetWidgetExtension.framework */ = {isa = PBXFileReference; explicitFileType = wrapper.framework; includeInIndex = 0; path = Pods_CSUSTPlanetWidgetExtension.framework; sourceTree = BUILT_PRODUCTS_DIR; };
/* End PBXFileReference section */

/* Begin PBXFileSystemSynchronizedBuildFileExceptionSet section */
		005527012E9F491700D5347E /* Exceptions for "CSUSTPlanetWidget" folder in "CSUSTPlanet" target */ = {
			isa = PBXFileSystemSynchronizedBuildFileExceptionSet;
			membershipExceptions = (
				LiveActivities/CourseStatusWidgetLiveActivity.swift,
			);
			target = 007CF85A2E1BD68900E319F2 /* CSUSTPlanet */;
		};
		006CA2AE2E2D01F300340655 /* Exceptions for "CSUSTPlanet" folder in "CSUSTPlanetWidgetExtension" target */ = {
			isa = PBXFileSystemSynchronizedBuildFileExceptionSet;
			membershipExceptions = (
				"Extensions/Logger+Categories.swift",
				"Extensions/View+Apply.swift",
				Helpers/CookieHelper.swift,
				Helpers/MMKVHelper.swift,
				Models/ImageActivityItemSource.swift,
				Models/Storage/CourseScheduleData.swift,
				Models/Storage/Database/DormMigrationPlan.swift,
				Models/Storage/Database/DormSchema.swift,
				Models/Storage/GradeAnalysisData.swift,
				Models/Storage/UrgentCoursesData.swift,
				Utils/AssetUtil.swift,
				Utils/ColorUtil.swift,
				Utils/Constants.swift,
				Utils/CourseScheduleUtil.swift,
				Utils/EnvironmentUtil.swift,
				Utils/KeychainUtil.swift,
				Utils/SharedModelUtil.swift,
			);
			target = 00E89C5F2E2C88D800B43162 /* CSUSTPlanetWidgetExtension */;
		};
		007CF9192E1D44C400E319F2 /* Exceptions for "CSUSTPlanet" folder in "CSUSTPlanet" target */ = {
			isa = PBXFileSystemSynchronizedBuildFileExceptionSet;
			membershipExceptions = (
				App/Info.plist,
			);
			target = 007CF85A2E1BD68900E319F2 /* CSUSTPlanet */;
		};
		00E89C772E2C88D800B43162 /* Exceptions for "CSUSTPlanetWidget" folder in "CSUSTPlanetWidgetExtension" target */ = {
			isa = PBXFileSystemSynchronizedBuildFileExceptionSet;
			membershipExceptions = (
				Info.plist,
			);
			target = 00E89C5F2E2C88D800B43162 /* CSUSTPlanetWidgetExtension */;
		};
/* End PBXFileSystemSynchronizedBuildFileExceptionSet section */

/* Begin PBXFileSystemSynchronizedRootGroup section */
		007CF85D2E1BD68900E319F2 /* CSUSTPlanet */ = {
			isa = PBXFileSystemSynchronizedRootGroup;
			exceptions = (
				007CF9192E1D44C400E319F2 /* Exceptions for "CSUSTPlanet" folder in "CSUSTPlanet" target */,
				006CA2AE2E2D01F300340655 /* Exceptions for "CSUSTPlanet" folder in "CSUSTPlanetWidgetExtension" target */,
			);
			path = CSUSTPlanet;
			sourceTree = "<group>";
		};
		00BBB2AF2EEEE5C10047AEEF /* Configs */ = {
			isa = PBXFileSystemSynchronizedRootGroup;
			path = Configs;
			sourceTree = "<group>";
		};
		00E89C662E2C88D800B43162 /* CSUSTPlanetWidget */ = {
			isa = PBXFileSystemSynchronizedRootGroup;
			exceptions = (
				005527012E9F491700D5347E /* Exceptions for "CSUSTPlanetWidget" folder in "CSUSTPlanet" target */,
				00E89C772E2C88D800B43162 /* Exceptions for "CSUSTPlanetWidget" folder in "CSUSTPlanetWidgetExtension" target */,
			);
			path = CSUSTPlanetWidget;
			sourceTree = "<group>";
		};
/* End PBXFileSystemSynchronizedRootGroup section */

/* Begin PBXFrameworksBuildPhase section */
		007CF8582E1BD68900E319F2 /* Frameworks */ = {
			isa = PBXFrameworksBuildPhase;
			buildActionMask = 2147483647;
			files = (
				00E573592F1F4E3A00440D8D /* CSUSTKit in Frameworks */,
				00E579E52F1F512500440D8D /* AlertToast in Frameworks */,
				00CD22612E6757E6008AB82B /* Toasts in Frameworks */,
				0041FC6D2E2AA269007F383F /* MarkdownUI in Frameworks */,
				00E575FB2F1F4F6B00440D8D /* Kingfisher in Frameworks */,
				00E574AB2F1F4F0400440D8D /* MatomoTracker in Frameworks */,
				7535F8BA5C72E438E1EBE96E /* Pods_CSUSTPlanet.framework in Frameworks */,
			);
			runOnlyForDeploymentPostprocessing = 0;
		};
		00E89C5D2E2C88D800B43162 /* Frameworks */ = {
			isa = PBXFrameworksBuildPhase;
			buildActionMask = 2147483647;
			files = (
				00E89C652E2C88D800B43162 /* SwiftUI.framework in Frameworks */,
				00E89C632E2C88D800B43162 /* WidgetKit.framework in Frameworks */,
				00E5735B2F1F4E4C00440D8D /* CSUSTKit in Frameworks */,
				B6B82A72E7941E563A35B1B6 /* Pods_CSUSTPlanetWidgetExtension.framework in Frameworks */,
			);
			runOnlyForDeploymentPostprocessing = 0;
		};
/* End PBXFrameworksBuildPhase section */

/* Begin PBXGroup section */
		007CF8522E1BD68800E319F2 = {
			isa = PBXGroup;
			children = (
				00BBB2AF2EEEE5C10047AEEF /* Configs */,
				007CF85D2E1BD68900E319F2 /* CSUSTPlanet */,
				00E89C662E2C88D800B43162 /* CSUSTPlanetWidget */,
				00E89C612E2C88D800B43162 /* Frameworks */,
				007CF85C2E1BD68900E319F2 /* Products */,
				21FE4DE169A0ABB491FF6712 /* Pods */,
			);
			sourceTree = "<group>";
		};
		007CF85C2E1BD68900E319F2 /* Products */ = {
			isa = PBXGroup;
			children = (
				007CF85B2E1BD68900E319F2 /* CSUSTPlanet.app */,
				00E89C602E2C88D800B43162 /* CSUSTPlanetWidgetExtension.appex */,
			);
			name = Products;
			sourceTree = "<group>";
		};
		00E89C612E2C88D800B43162 /* Frameworks */ = {
			isa = PBXGroup;
			children = (
				00E89C622E2C88D800B43162 /* WidgetKit.framework */,
				00E89C642E2C88D800B43162 /* SwiftUI.framework */,
				9C8368F37ED309CE6DD40690 /* Pods_CSUSTPlanet.framework */,
				EF6AA6E487E52C6551BEEA1B /* Pods_CSUSTPlanetWidgetExtension.framework */,
			);
			name = Frameworks;
			sourceTree = "<group>";
		};
		21FE4DE169A0ABB491FF6712 /* Pods */ = {
			isa = PBXGroup;
			children = (
				5C9B586999AFD253301703B3 /* Pods-CSUSTPlanet.debug.xcconfig */,
				4B82E39D79D391617D6C338D /* Pods-CSUSTPlanet.release.xcconfig */,
				BD0351A8972E0E1212F97A22 /* Pods-CSUSTPlanetWidgetExtension.debug.xcconfig */,
				93D26731C5F4E3650C2A7AE8 /* Pods-CSUSTPlanetWidgetExtension.release.xcconfig */,
			);
			path = Pods;
			sourceTree = "<group>";
		};
/* End PBXGroup section */

/* Begin PBXNativeTarget section */
		007CF85A2E1BD68900E319F2 /* CSUSTPlanet */ = {
			isa = PBXNativeTarget;
			buildConfigurationList = 007CF8662E1BD68A00E319F2 /* Build configuration list for PBXNativeTarget "CSUSTPlanet" */;
			buildPhases = (
				CE7761F7BDB554923E740AEA /* [CP] Check Pods Manifest.lock */,
				007CF8572E1BD68900E319F2 /* Sources */,
				007CF8582E1BD68900E319F2 /* Frameworks */,
				007CF8592E1BD68900E319F2 /* Resources */,
				00E89C732E2C88D800B43162 /* Embed Foundation Extensions */,
				4539285AC2590CF65E98E771 /* [CP] Embed Pods Frameworks */,
			);
			buildRules = (
			);
			dependencies = (
				00E89C712E2C88D800B43162 /* PBXTargetDependency */,
			);
			fileSystemSynchronizedGroups = (
				007CF85D2E1BD68900E319F2 /* CSUSTPlanet */,
				00BBB2AF2EEEE5C10047AEEF /* Configs */,
			);
			name = CSUSTPlanet;
			packageProductDependencies = (
				0041FC6C2E2AA269007F383F /* MarkdownUI */,
				00CD22602E6757E6008AB82B /* Toasts */,
				00E573582F1F4E3A00440D8D /* CSUSTKit */,
				00E574AA2F1F4F0400440D8D /* MatomoTracker */,
				00E575FA2F1F4F6B00440D8D /* Kingfisher */,
				00E579E42F1F512500440D8D /* AlertToast */,
			);
			productName = CSUSTPlanet;
			productReference = 007CF85B2E1BD68900E319F2 /* CSUSTPlanet.app */;
			productType = "com.apple.product-type.application";
		};
		00E89C5F2E2C88D800B43162 /* CSUSTPlanetWidgetExtension */ = {
			isa = PBXNativeTarget;
			buildConfigurationList = 00E89C762E2C88D800B43162 /* Build configuration list for PBXNativeTarget "CSUSTPlanetWidgetExtension" */;
			buildPhases = (
				5228F2570E1FDDD5864F3A8C /* [CP] Check Pods Manifest.lock */,
				00E89C5C2E2C88D800B43162 /* Sources */,
				00E89C5D2E2C88D800B43162 /* Frameworks */,
				00E89C5E2E2C88D800B43162 /* Resources */,
			);
			buildRules = (
			);
			dependencies = (
			);
			fileSystemSynchronizedGroups = (
				00E89C662E2C88D800B43162 /* CSUSTPlanetWidget */,
			);
			name = CSUSTPlanetWidgetExtension;
			productName = CSUSTPlanetWidgetExtension;
			productReference = 00E89C602E2C88D800B43162 /* CSUSTPlanetWidgetExtension.appex */;
			productType = "com.apple.product-type.app-extension";
		};
/* End PBXNativeTarget section */

/* Begin PBXProject section */
		007CF8532E1BD68800E319F2 /* Project object */ = {
			isa = PBXProject;
			attributes = {
				BuildIndependentTargetsInParallel = 1;
				LastSwiftUpdateCheck = 1640;
				LastUpgradeCheck = 1640;
				TargetAttributes = {
					007CF85A2E1BD68900E319F2 = {
						CreatedOnToolsVersion = 16.4;
					};
					00E89C5F2E2C88D800B43162 = {
						CreatedOnToolsVersion = 16.4;
					};
				};
			};
			buildConfigurationList = 007CF8562E1BD68800E319F2 /* Build configuration list for PBXProject "CSUSTPlanet" */;
			developmentRegion = "zh-Hans";
			hasScannedForEncodings = 0;
			knownRegions = (
				Base,
				"zh-Hans",
			);
			mainGroup = 007CF8522E1BD68800E319F2;
			minimizedProjectReferenceProxies = 1;
			packageReferences = (
				0041FC6B2E2AA269007F383F /* XCRemoteSwiftPackageReference "swift-markdown-ui" */,
				00CD225F2E675732008AB82B /* XCRemoteSwiftPackageReference "swiftui-toasts" */,
				00E573572F1F4E3A00440D8D /* XCRemoteSwiftPackageReference "CSUSTKit" */,
				00E574A92F1F4F0400440D8D /* XCRemoteSwiftPackageReference "matomo-sdk-ios" */,
				00E575F92F1F4F6B00440D8D /* XCRemoteSwiftPackageReference "Kingfisher" */,
				00E579E32F1F512500440D8D /* XCRemoteSwiftPackageReference "AlertToast" */,
			);
			preferredProjectObjectVersion = 77;
			productRefGroup = 007CF85C2E1BD68900E319F2 /* Products */;
			projectDirPath = "";
			projectRoot = "";
			targets = (
				007CF85A2E1BD68900E319F2 /* CSUSTPlanet */,
				00E89C5F2E2C88D800B43162 /* CSUSTPlanetWidgetExtension */,
			);
		};
/* End PBXProject section */

/* Begin PBXResourcesBuildPhase section */
		007CF8592E1BD68900E319F2 /* Resources */ = {
			isa = PBXResourcesBuildPhase;
			buildActionMask = 2147483647;
			files = (
			);
			runOnlyForDeploymentPostprocessing = 0;
		};
		00E89C5E2E2C88D800B43162 /* Resources */ = {
			isa = PBXResourcesBuildPhase;
			buildActionMask = 2147483647;
			files = (
			);
			runOnlyForDeploymentPostprocessing = 0;
		};
/* End PBXResourcesBuildPhase section */

/* Begin PBXShellScriptBuildPhase section */
		4539285AC2590CF65E98E771 /* [CP] Embed Pods Frameworks */ = {
			isa = PBXShellScriptBuildPhase;
			buildActionMask = 2147483647;
			files = (
			);
			inputFileListPaths = (
				"${PODS_ROOT}/Target Support Files/Pods-CSUSTPlanet/Pods-CSUSTPlanet-frameworks-${CONFIGURATION}-input-files.xcfilelist",
			);
			inputPaths = (
			);
			name = "[CP] Embed Pods Frameworks";
			outputFileListPaths = (
				"${PODS_ROOT}/Target Support Files/Pods-CSUSTPlanet/Pods-CSUSTPlanet-frameworks-${CONFIGURATION}-output-files.xcfilelist",
			);
			outputPaths = (
			);
			runOnlyForDeploymentPostprocessing = 0;
			shellPath = /bin/sh;
			shellScript = "\"${PODS_ROOT}/Target Support Files/Pods-CSUSTPlanet/Pods-CSUSTPlanet-frameworks.sh\"\n";
			showEnvVarsInLog = 0;
		};
		5228F2570E1FDDD5864F3A8C /* [CP] Check Pods Manifest.lock */ = {
			isa = PBXShellScriptBuildPhase;
			buildActionMask = 2147483647;
			files = (
			);
			inputFileListPaths = (
			);
			inputPaths = (
				"${PODS_PODFILE_DIR_PATH}/Podfile.lock",
				"${PODS_ROOT}/Manifest.lock",
			);
			name = "[CP] Check Pods Manifest.lock";
			outputFileListPaths = (
			);
			outputPaths = (
				"$(DERIVED_FILE_DIR)/Pods-CSUSTPlanetWidgetExtension-checkManifestLockResult.txt",
			);
			runOnlyForDeploymentPostprocessing = 0;
			shellPath = /bin/sh;
			shellScript = "diff \"${PODS_PODFILE_DIR_PATH}/Podfile.lock\" \"${PODS_ROOT}/Manifest.lock\" > /dev/null\nif [ $? != 0 ] ; then\n    # print error to STDERR\n    echo \"error: The sandbox is not in sync with the Podfile.lock. Run 'pod install' or update your CocoaPods installation.\" >&2\n    exit 1\nfi\n# This output is used by Xcode 'outputs' to avoid re-running this script phase.\necho \"SUCCESS\" > \"${SCRIPT_OUTPUT_FILE_0}\"\n";
			showEnvVarsInLog = 0;
		};
		CE7761F7BDB554923E740AEA /* [CP] Check Pods Manifest.lock */ = {
			isa = PBXShellScriptBuildPhase;
			buildActionMask = 2147483647;
			files = (
			);
			inputFileListPaths = (
			);
			inputPaths = (
				"${PODS_PODFILE_DIR_PATH}/Podfile.lock",
				"${PODS_ROOT}/Manifest.lock",
			);
			name = "[CP] Check Pods Manifest.lock";
			outputFileListPaths = (
			);
			outputPaths = (
				"$(DERIVED_FILE_DIR)/Pods-CSUSTPlanet-checkManifestLockResult.txt",
			);
			runOnlyForDeploymentPostprocessing = 0;
			shellPath = /bin/sh;
			shellScript = "diff \"${PODS_PODFILE_DIR_PATH}/Podfile.lock\" \"${PODS_ROOT}/Manifest.lock\" > /dev/null\nif [ $? != 0 ] ; then\n    # print error to STDERR\n    echo \"error: The sandbox is not in sync with the Podfile.lock. Run 'pod install' or update your CocoaPods installation.\" >&2\n    exit 1\nfi\n# This output is used by Xcode 'outputs' to avoid re-running this script phase.\necho \"SUCCESS\" > \"${SCRIPT_OUTPUT_FILE_0}\"\n";
			showEnvVarsInLog = 0;
		};
/* End PBXShellScriptBuildPhase section */

/* Begin PBXSourcesBuildPhase section */
		007CF8572E1BD68900E319F2 /* Sources */ = {
			isa = PBXSourcesBuildPhase;
			buildActionMask = 2147483647;
			files = (
			);
			runOnlyForDeploymentPostprocessing = 0;
		};
		00E89C5C2E2C88D800B43162 /* Sources */ = {
			isa = PBXSourcesBuildPhase;
			buildActionMask = 2147483647;
			files = (
			);
			runOnlyForDeploymentPostprocessing = 0;
		};
/* End PBXSourcesBuildPhase section */

/* Begin PBXTargetDependency section */
		00E89C712E2C88D800B43162 /* PBXTargetDependency */ = {
			isa = PBXTargetDependency;
			target = 00E89C5F2E2C88D800B43162 /* CSUSTPlanetWidgetExtension */;
			targetProxy = 00E89C702E2C88D800B43162 /* PBXContainerItemProxy */;
		};
/* End PBXTargetDependency section */

/* Begin XCBuildConfiguration section */
		007CF8642E1BD68A00E319F2 /* Debug */ = {
			isa = XCBuildConfiguration;
			baseConfigurationReferenceAnchor = 00BBB2AF2EEEE5C10047AEEF /* Configs */;
			baseConfigurationReferenceRelativePath = Shared.xcconfig;
			buildSettings = {
				ALWAYS_SEARCH_USER_PATHS = NO;
				ASSETCATALOG_COMPILER_GENERATE_SWIFT_ASSET_SYMBOL_EXTENSIONS = YES;
				CLANG_ANALYZER_NONNULL = YES;
				CLANG_ANALYZER_NUMBER_OBJECT_CONVERSION = YES_AGGRESSIVE;
				CLANG_CXX_LANGUAGE_STANDARD = "gnu++20";
				CLANG_ENABLE_MODULES = YES;
				CLANG_ENABLE_OBJC_ARC = YES;
				CLANG_ENABLE_OBJC_WEAK = YES;
				CLANG_WARN_BLOCK_CAPTURE_AUTORELEASING = YES;
				CLANG_WARN_BOOL_CONVERSION = YES;
				CLANG_WARN_COMMA = YES;
				CLANG_WARN_CONSTANT_CONVERSION = YES;
				CLANG_WARN_DEPRECATED_OBJC_IMPLEMENTATIONS = YES;
				CLANG_WARN_DIRECT_OBJC_ISA_USAGE = YES_ERROR;
				CLANG_WARN_DOCUMENTATION_COMMENTS = YES;
				CLANG_WARN_EMPTY_BODY = YES;
				CLANG_WARN_ENUM_CONVERSION = YES;
				CLANG_WARN_INFINITE_RECURSION = YES;
				CLANG_WARN_INT_CONVERSION = YES;
				CLANG_WARN_NON_LITERAL_NULL_CONVERSION = YES;
				CLANG_WARN_OBJC_IMPLICIT_RETAIN_SELF = YES;
				CLANG_WARN_OBJC_LITERAL_CONVERSION = YES;
				CLANG_WARN_OBJC_ROOT_CLASS = YES_ERROR;
				CLANG_WARN_QUOTED_INCLUDE_IN_FRAMEWORK_HEADER = YES;
				CLANG_WARN_RANGE_LOOP_ANALYSIS = YES;
				CLANG_WARN_STRICT_PROTOTYPES = YES;
				CLANG_WARN_SUSPICIOUS_MOVE = YES;
				CLANG_WARN_UNGUARDED_AVAILABILITY = YES_AGGRESSIVE;
				CLANG_WARN_UNREACHABLE_CODE = YES;
				CLANG_WARN__DUPLICATE_METHOD_MATCH = YES;
				COPY_PHASE_STRIP = NO;
				DEBUG_INFORMATION_FORMAT = dwarf;
				DEVELOPMENT_TEAM = 73L825Q786;
				ENABLE_STRICT_OBJC_MSGSEND = YES;
				ENABLE_TESTABILITY = YES;
				ENABLE_USER_SCRIPT_SANDBOXING = YES;
				GCC_C_LANGUAGE_STANDARD = gnu17;
				GCC_DYNAMIC_NO_PIC = NO;
				GCC_NO_COMMON_BLOCKS = YES;
				GCC_OPTIMIZATION_LEVEL = 0;
				GCC_PREPROCESSOR_DEFINITIONS = (
					"DEBUG=1",
					"$(inherited)",
				);
				GCC_WARN_64_TO_32_BIT_CONVERSION = YES;
				GCC_WARN_ABOUT_RETURN_TYPE = YES_ERROR;
				GCC_WARN_UNDECLARED_SELECTOR = YES;
				GCC_WARN_UNINITIALIZED_AUTOS = YES_AGGRESSIVE;
				GCC_WARN_UNUSED_FUNCTION = YES;
				GCC_WARN_UNUSED_VARIABLE = YES;
				IPHONEOS_DEPLOYMENT_TARGET = 18.5;
				LOCALIZATION_PREFERS_STRING_CATALOGS = YES;
				MTL_ENABLE_DEBUG_INFO = INCLUDE_SOURCE;
				MTL_FAST_MATH = YES;
				ONLY_ACTIVE_ARCH = YES;
				SDKROOT = iphoneos;
				SWIFT_ACTIVE_COMPILATION_CONDITIONS = "DEBUG $(inherited)";
				SWIFT_OPTIMIZATION_LEVEL = "-Onone";
			};
			name = Debug;
		};
		007CF8652E1BD68A00E319F2 /* Release */ = {
			isa = XCBuildConfiguration;
			baseConfigurationReferenceAnchor = 00BBB2AF2EEEE5C10047AEEF /* Configs */;
			baseConfigurationReferenceRelativePath = Shared.xcconfig;
			buildSettings = {
				ALWAYS_SEARCH_USER_PATHS = NO;
				ASSETCATALOG_COMPILER_GENERATE_SWIFT_ASSET_SYMBOL_EXTENSIONS = YES;
				CLANG_ANALYZER_NONNULL = YES;
				CLANG_ANALYZER_NUMBER_OBJECT_CONVERSION = YES_AGGRESSIVE;
				CLANG_CXX_LANGUAGE_STANDARD = "gnu++20";
				CLANG_ENABLE_MODULES = YES;
				CLANG_ENABLE_OBJC_ARC = YES;
				CLANG_ENABLE_OBJC_WEAK = YES;
				CLANG_WARN_BLOCK_CAPTURE_AUTORELEASING = YES;
				CLANG_WARN_BOOL_CONVERSION = YES;
				CLANG_WARN_COMMA = YES;
				CLANG_WARN_CONSTANT_CONVERSION = YES;
				CLANG_WARN_DEPRECATED_OBJC_IMPLEMENTATIONS = YES;
				CLANG_WARN_DIRECT_OBJC_ISA_USAGE = YES_ERROR;
				CLANG_WARN_DOCUMENTATION_COMMENTS = YES;
				CLANG_WARN_EMPTY_BODY = YES;
				CLANG_WARN_ENUM_CONVERSION = YES;
				CLANG_WARN_INFINITE_RECURSION = YES;
				CLANG_WARN_INT_CONVERSION = YES;
				CLANG_WARN_NON_LITERAL_NULL_CONVERSION = YES;
				CLANG_WARN_OBJC_IMPLICIT_RETAIN_SELF = YES;
				CLANG_WARN_OBJC_LITERAL_CONVERSION = YES;
				CLANG_WARN_OBJC_ROOT_CLASS = YES_ERROR;
				CLANG_WARN_QUOTED_INCLUDE_IN_FRAMEWORK_HEADER = YES;
				CLANG_WARN_RANGE_LOOP_ANALYSIS = YES;
				CLANG_WARN_STRICT_PROTOTYPES = YES;
				CLANG_WARN_SUSPICIOUS_MOVE = YES;
				CLANG_WARN_UNGUARDED_AVAILABILITY = YES_AGGRESSIVE;
				CLANG_WARN_UNREACHABLE_CODE = YES;
				CLANG_WARN__DUPLICATE_METHOD_MATCH = YES;
				COPY_PHASE_STRIP = NO;
				DEBUG_INFORMATION_FORMAT = "dwarf-with-dsym";
				DEVELOPMENT_TEAM = 73L825Q786;
				ENABLE_NS_ASSERTIONS = NO;
				ENABLE_STRICT_OBJC_MSGSEND = YES;
				ENABLE_USER_SCRIPT_SANDBOXING = YES;
				GCC_C_LANGUAGE_STANDARD = gnu17;
				GCC_NO_COMMON_BLOCKS = YES;
				GCC_WARN_64_TO_32_BIT_CONVERSION = YES;
				GCC_WARN_ABOUT_RETURN_TYPE = YES_ERROR;
				GCC_WARN_UNDECLARED_SELECTOR = YES;
				GCC_WARN_UNINITIALIZED_AUTOS = YES_AGGRESSIVE;
				GCC_WARN_UNUSED_FUNCTION = YES;
				GCC_WARN_UNUSED_VARIABLE = YES;
				IPHONEOS_DEPLOYMENT_TARGET = 18.5;
				LOCALIZATION_PREFERS_STRING_CATALOGS = YES;
				MTL_ENABLE_DEBUG_INFO = NO;
				MTL_FAST_MATH = YES;
				SDKROOT = iphoneos;
				SWIFT_COMPILATION_MODE = wholemodule;
				VALIDATE_PRODUCT = YES;
			};
			name = Release;
		};
		007CF8672E1BD68A00E319F2 /* Debug */ = {
			isa = XCBuildConfiguration;
			baseConfigurationReference = 5C9B586999AFD253301703B3 /* Pods-CSUSTPlanet.debug.xcconfig */;
			buildSettings = {
				ASSETCATALOG_COMPILER_APPICON_NAME = AppIcon;
				ASSETCATALOG_COMPILER_GLOBAL_ACCENT_COLOR_NAME = AccentColor;
				CODE_SIGN_ENTITLEMENTS = CSUSTPlanet/CSUSTPlanet.entitlements;
				"CODE_SIGN_IDENTITY[sdk=iphoneos*]" = "iPhone Developer";
				CODE_SIGN_STYLE = Manual;
				CURRENT_PROJECT_VERSION = "$(CSUSTPLANET_BUILD_NUMBER)";
				DEVELOPMENT_TEAM = "";
				"DEVELOPMENT_TEAM[sdk=iphoneos*]" = 7GPA4WLM3W;
				EMIT_FRONTEND_COMMAND_LINES = "";
				"EMIT_FRONTEND_COMMAND_LINES[arch=*]" = YES;
				ENABLE_PREVIEWS = YES;
				ENABLE_USER_SCRIPT_SANDBOXING = NO;
				GENERATE_INFOPLIST_FILE = YES;
				INFOPLIST_FILE = CSUSTPlanet/App/Info.plist;
				INFOPLIST_KEY_CFBundleDisplayName = "长理星球";
				INFOPLIST_KEY_ITSAppUsesNonExemptEncryption = NO;
				INFOPLIST_KEY_LSApplicationCategoryType = "public.app-category.utilities";
				INFOPLIST_KEY_NSCalendarsFullAccessUsageDescription = "我们需要访问您的日历以添加事件";
				INFOPLIST_KEY_NSLocationWhenInUseUsageDescription = "我们需要您的位置来显示您在校园中的实时位置";
				INFOPLIST_KEY_NSPhotoLibraryAddUsageDescription = "我们需要访问您的相册以保存图片";
				INFOPLIST_KEY_NSRemindersFullAccessUsageDescription = "我们需要访问您的提醒事项以添加事件";
				INFOPLIST_KEY_NSSupportsLiveActivities = YES;
				INFOPLIST_KEY_UIApplicationSceneManifest_Generation = YES;
				INFOPLIST_KEY_UIApplicationSupportsIndirectInputEvents = YES;
				INFOPLIST_KEY_UILaunchScreen_Generation = YES;
				INFOPLIST_KEY_UISupportedInterfaceOrientations_iPad = "UIInterfaceOrientationPortrait UIInterfaceOrientationPortraitUpsideDown UIInterfaceOrientationLandscapeLeft UIInterfaceOrientationLandscapeRight";
				INFOPLIST_KEY_UISupportedInterfaceOrientations_iPhone = "UIInterfaceOrientationPortrait UIInterfaceOrientationLandscapeLeft UIInterfaceOrientationLandscapeRight";
				IPHONEOS_DEPLOYMENT_TARGET = 17.0;
				LD_RUNPATH_SEARCH_PATHS = (
					"$(inherited)",
					"@executable_path/Frameworks",
				);
				MARKETING_VERSION = "$(CSUSTPLANET_VERSION)";
				"OTHER_LDFLAGS[arch=*]" = (
					"-Xlinker",
					"-interposable",
				);
				PRODUCT_BUNDLE_IDENTIFIER = "$(CSUSTPLANET_APP_BUNDLE_ID)";
				PRODUCT_NAME = "$(TARGET_NAME)";
				PROVISIONING_PROFILE_SPECIFIER = "";
				"PROVISIONING_PROFILE_SPECIFIER[sdk=iphoneos*]" = "match Development com.zhelearn.CSUSTPlanet";
				SWIFT_EMIT_LOC_STRINGS = YES;
				SWIFT_VERSION = 5.0;
				TARGETED_DEVICE_FAMILY = "1,2";
			};
			name = Debug;
		};
		007CF8682E1BD68A00E319F2 /* Release */ = {
			isa = XCBuildConfiguration;
			baseConfigurationReference = 4B82E39D79D391617D6C338D /* Pods-CSUSTPlanet.release.xcconfig */;
			buildSettings = {
				ASSETCATALOG_COMPILER_APPICON_NAME = AppIcon;
				ASSETCATALOG_COMPILER_GLOBAL_ACCENT_COLOR_NAME = AccentColor;
				CODE_SIGN_ENTITLEMENTS = CSUSTPlanet/CSUSTPlanet.entitlements;
				"CODE_SIGN_IDENTITY[sdk=iphoneos*]" = "iPhone Distribution";
				CODE_SIGN_STYLE = Manual;
				CURRENT_PROJECT_VERSION = "$(CSUSTPLANET_BUILD_NUMBER)";
				DEVELOPMENT_TEAM = "";
				"DEVELOPMENT_TEAM[sdk=iphoneos*]" = 7GPA4WLM3W;
				EMIT_FRONTEND_COMMAND_LINES = "";
				ENABLE_PREVIEWS = YES;
				ENABLE_USER_SCRIPT_SANDBOXING = NO;
				GENERATE_INFOPLIST_FILE = YES;
				INFOPLIST_FILE = CSUSTPlanet/App/Info.plist;
				INFOPLIST_KEY_CFBundleDisplayName = "长理星球";
				INFOPLIST_KEY_ITSAppUsesNonExemptEncryption = NO;
				INFOPLIST_KEY_LSApplicationCategoryType = "public.app-category.utilities";
				INFOPLIST_KEY_NSCalendarsFullAccessUsageDescription = "我们需要访问您的日历以添加事件";
				INFOPLIST_KEY_NSLocationWhenInUseUsageDescription = "我们需要您的位置来显示您在校园中的实时位置";
				INFOPLIST_KEY_NSPhotoLibraryAddUsageDescription = "我们需要访问您的相册以保存图片";
				INFOPLIST_KEY_NSRemindersFullAccessUsageDescription = "我们需要访问您的提醒事项以添加事件";
				INFOPLIST_KEY_NSSupportsLiveActivities = YES;
				INFOPLIST_KEY_UIApplicationSceneManifest_Generation = YES;
				INFOPLIST_KEY_UIApplicationSupportsIndirectInputEvents = YES;
				INFOPLIST_KEY_UILaunchScreen_Generation = YES;
				INFOPLIST_KEY_UISupportedInterfaceOrientations_iPad = "UIInterfaceOrientationPortrait UIInterfaceOrientationPortraitUpsideDown UIInterfaceOrientationLandscapeLeft UIInterfaceOrientationLandscapeRight";
				INFOPLIST_KEY_UISupportedInterfaceOrientations_iPhone = "UIInterfaceOrientationPortrait UIInterfaceOrientationLandscapeLeft UIInterfaceOrientationLandscapeRight";
				IPHONEOS_DEPLOYMENT_TARGET = 17.0;
				LD_RUNPATH_SEARCH_PATHS = (
					"$(inherited)",
					"@executable_path/Frameworks",
				);
				MARKETING_VERSION = "$(CSUSTPLANET_VERSION)";
				PRODUCT_BUNDLE_IDENTIFIER = "$(CSUSTPLANET_APP_BUNDLE_ID)";
				PRODUCT_NAME = "$(TARGET_NAME)";
				PROVISIONING_PROFILE_SPECIFIER = "";
				"PROVISIONING_PROFILE_SPECIFIER[sdk=iphoneos*]" = "match AppStore com.zhelearn.CSUSTPlanet";
				SWIFT_EMIT_LOC_STRINGS = YES;
				SWIFT_VERSION = 5.0;
				TARGETED_DEVICE_FAMILY = "1,2";
			};
			name = Release;
		};
		00E89C742E2C88D800B43162 /* Debug */ = {
			isa = XCBuildConfiguration;
			baseConfigurationReference = BD0351A8972E0E1212F97A22 /* Pods-CSUSTPlanetWidgetExtension.debug.xcconfig */;
			buildSettings = {
				ASSETCATALOG_COMPILER_GLOBAL_ACCENT_COLOR_NAME = AccentColor;
				ASSETCATALOG_COMPILER_WIDGET_BACKGROUND_COLOR_NAME = WidgetBackground;
				CODE_SIGN_ENTITLEMENTS = CSUSTPlanetWidget/CSUSTPlanetWidgetExtension.entitlements;
				"CODE_SIGN_IDENTITY[sdk=iphoneos*]" = "iPhone Developer";
				CODE_SIGN_STYLE = Manual;
				CURRENT_PROJECT_VERSION = "$(CSUSTPLANET_BUILD_NUMBER)";
				DEVELOPMENT_TEAM = "";
				"DEVELOPMENT_TEAM[sdk=iphoneos*]" = 7GPA4WLM3W;
				ENABLE_USER_SCRIPT_SANDBOXING = NO;
				GENERATE_INFOPLIST_FILE = YES;
				INFOPLIST_FILE = CSUSTPlanetWidget/Info.plist;
				INFOPLIST_KEY_CFBundleDisplayName = "长理星球小组件";
				INFOPLIST_KEY_NSHumanReadableCopyright = "";
				IPHONEOS_DEPLOYMENT_TARGET = 17.0;
				LD_RUNPATH_SEARCH_PATHS = (
					"$(inherited)",
					"@executable_path/Frameworks",
					"@executable_path/../../Frameworks",
				);
				MARKETING_VERSION = "$(CSUSTPLANET_VERSION)";
				PRODUCT_BUNDLE_IDENTIFIER = "$(CSUSTPLANET_WIDGET_BUNDLE_ID)";
				PRODUCT_NAME = "$(TARGET_NAME)";
				PROVISIONING_PROFILE_SPECIFIER = "";
				"PROVISIONING_PROFILE_SPECIFIER[sdk=iphoneos*]" = "match Development com.zhelearn.CSUSTPlanet.CSUSTPlanetWidget";
				SKIP_INSTALL = YES;
				SWIFT_ACTIVE_COMPILATION_CONDITIONS = "DEBUG WIDGET $(inherited)";
				SWIFT_EMIT_LOC_STRINGS = YES;
				SWIFT_VERSION = 5.0;
				TARGETED_DEVICE_FAMILY = "1,2";
			};
			name = Debug;
		};
		00E89C752E2C88D800B43162 /* Release */ = {
			isa = XCBuildConfiguration;
			baseConfigurationReference = 93D26731C5F4E3650C2A7AE8 /* Pods-CSUSTPlanetWidgetExtension.release.xcconfig */;
			buildSettings = {
				ASSETCATALOG_COMPILER_GLOBAL_ACCENT_COLOR_NAME = AccentColor;
				ASSETCATALOG_COMPILER_WIDGET_BACKGROUND_COLOR_NAME = WidgetBackground;
				CODE_SIGN_ENTITLEMENTS = CSUSTPlanetWidget/CSUSTPlanetWidgetExtension.entitlements;
				"CODE_SIGN_IDENTITY[sdk=iphoneos*]" = "iPhone Distribution";
				CODE_SIGN_STYLE = Manual;
				CURRENT_PROJECT_VERSION = "$(CSUSTPLANET_BUILD_NUMBER)";
				DEVELOPMENT_TEAM = "";
				"DEVELOPMENT_TEAM[sdk=iphoneos*]" = 7GPA4WLM3W;
				ENABLE_USER_SCRIPT_SANDBOXING = NO;
				GENERATE_INFOPLIST_FILE = YES;
				INFOPLIST_FILE = CSUSTPlanetWidget/Info.plist;
				INFOPLIST_KEY_CFBundleDisplayName = "长理星球小组件";
				INFOPLIST_KEY_NSHumanReadableCopyright = "";
				IPHONEOS_DEPLOYMENT_TARGET = 17.0;
				LD_RUNPATH_SEARCH_PATHS = (
					"$(inherited)",
					"@executable_path/Frameworks",
					"@executable_path/../../Frameworks",
				);
				MARKETING_VERSION = "$(CSUSTPLANET_VERSION)";
				PRODUCT_BUNDLE_IDENTIFIER = "$(CSUSTPLANET_WIDGET_BUNDLE_ID)";
				PRODUCT_NAME = "$(TARGET_NAME)";
				PROVISIONING_PROFILE_SPECIFIER = "";
				"PROVISIONING_PROFILE_SPECIFIER[sdk=iphoneos*]" = "match AppStore com.zhelearn.CSUSTPlanet.CSUSTPlanetWidget";
				SKIP_INSTALL = YES;
				SWIFT_ACTIVE_COMPILATION_CONDITIONS = WIDGET;
				SWIFT_EMIT_LOC_STRINGS = YES;
				SWIFT_VERSION = 5.0;
				TARGETED_DEVICE_FAMILY = "1,2";
			};
			name = Release;
		};
/* End XCBuildConfiguration section */

/* Begin XCConfigurationList section */
		007CF8562E1BD68800E319F2 /* Build configuration list for PBXProject "CSUSTPlanet" */ = {
			isa = XCConfigurationList;
			buildConfigurations = (
				007CF8642E1BD68A00E319F2 /* Debug */,
				007CF8652E1BD68A00E319F2 /* Release */,
			);
			defaultConfigurationIsVisible = 0;
			defaultConfigurationName = Release;
		};
		007CF8662E1BD68A00E319F2 /* Build configuration list for PBXNativeTarget "CSUSTPlanet" */ = {
			isa = XCConfigurationList;
			buildConfigurations = (
				007CF8672E1BD68A00E319F2 /* Debug */,
				007CF8682E1BD68A00E319F2 /* Release */,
			);
			defaultConfigurationIsVisible = 0;
			defaultConfigurationName = Release;
		};
		00E89C762E2C88D800B43162 /* Build configuration list for PBXNativeTarget "CSUSTPlanetWidgetExtension" */ = {
			isa = XCConfigurationList;
			buildConfigurations = (
				00E89C742E2C88D800B43162 /* Debug */,
				00E89C752E2C88D800B43162 /* Release */,
			);
			defaultConfigurationIsVisible = 0;
			defaultConfigurationName = Release;
		};
/* End XCConfigurationList section */

/* Begin XCRemoteSwiftPackageReference section */
		0041FC6B2E2AA269007F383F /* XCRemoteSwiftPackageReference "swift-markdown-ui" */ = {
			isa = XCRemoteSwiftPackageReference;
			repositoryURL = "https://github.com/gonzalezreal/swift-markdown-ui";
			requirement = {
				kind = upToNextMajorVersion;
				minimumVersion = 2.4.1;
			};
		};
		00CD225F2E675732008AB82B /* XCRemoteSwiftPackageReference "swiftui-toasts" */ = {
			isa = XCRemoteSwiftPackageReference;
			repositoryURL = "https://github.com/sunghyun-k/swiftui-toasts.git";
			requirement = {
				kind = upToNextMajorVersion;
				minimumVersion = 1.0.2;
			};
		};
		00E573572F1F4E3A00440D8D /* XCRemoteSwiftPackageReference "CSUSTKit" */ = {
			isa = XCRemoteSwiftPackageReference;
			repositoryURL = "https://github.com/zHElEARN/CSUSTKit";
			requirement = {
				kind = upToNextMajorVersion;
				minimumVersion = 1.4.4;
			};
		};
		00E574A92F1F4F0400440D8D /* XCRemoteSwiftPackageReference "matomo-sdk-ios" */ = {
			isa = XCRemoteSwiftPackageReference;
			repositoryURL = "https://github.com/matomo-org/matomo-sdk-ios.git";
			requirement = {
				branch = v7.8.0;
				kind = branch;
			};
		};
		00E575F92F1F4F6B00440D8D /* XCRemoteSwiftPackageReference "Kingfisher" */ = {
			isa = XCRemoteSwiftPackageReference;
			repositoryURL = "https://github.com/onevcat/Kingfisher.git";
			requirement = {
				kind = upToNextMajorVersion;
				minimumVersion = 8.0.0;
			};
		};
		00E579E32F1F512500440D8D /* XCRemoteSwiftPackageReference "AlertToast" */ = {
			isa = XCRemoteSwiftPackageReference;
			repositoryURL = "https://github.com/elai950/AlertToast.git";
			requirement = {
				kind = upToNextMajorVersion;
				minimumVersion = 1.3.9;
			};
		};
/* End XCRemoteSwiftPackageReference section */

/* Begin XCSwiftPackageProductDependency section */
		0041FC6C2E2AA269007F383F /* MarkdownUI */ = {
			isa = XCSwiftPackageProductDependency;
			package = 0041FC6B2E2AA269007F383F /* XCRemoteSwiftPackageReference "swift-markdown-ui" */;
			productName = MarkdownUI;
		};
		00CD22602E6757E6008AB82B /* Toasts */ = {
			isa = XCSwiftPackageProductDependency;
			package = 00CD225F2E675732008AB82B /* XCRemoteSwiftPackageReference "swiftui-toasts" */;
			productName = Toasts;
		};
		00E573582F1F4E3A00440D8D /* CSUSTKit */ = {
			isa = XCSwiftPackageProductDependency;
			package = 00E573572F1F4E3A00440D8D /* XCRemoteSwiftPackageReference "CSUSTKit" */;
			productName = CSUSTKit;
		};
		00E5735A2F1F4E4C00440D8D /* CSUSTKit */ = {
			isa = XCSwiftPackageProductDependency;
			package = 00E573572F1F4E3A00440D8D /* XCRemoteSwiftPackageReference "CSUSTKit" */;
			productName = CSUSTKit;
		};
		00E574AA2F1F4F0400440D8D /* MatomoTracker */ = {
			isa = XCSwiftPackageProductDependency;
			package = 00E574A92F1F4F0400440D8D /* XCRemoteSwiftPackageReference "matomo-sdk-ios" */;
			productName = MatomoTracker;
		};
		00E575FA2F1F4F6B00440D8D /* Kingfisher */ = {
			isa = XCSwiftPackageProductDependency;
			package = 00E575F92F1F4F6B00440D8D /* XCRemoteSwiftPackageReference "Kingfisher" */;
			productName = Kingfisher;
		};
		00E579E42F1F512500440D8D /* AlertToast */ = {
			isa = XCSwiftPackageProductDependency;
			package = 00E579E32F1F512500440D8D /* XCRemoteSwiftPackageReference "AlertToast" */;
			productName = AlertToast;
		};
/* End XCSwiftPackageProductDependency section */
	};
	rootObject = 007CF8532E1BD68800E319F2 /* Project object */;
}
